
Microsoft Visual Studio Solution File, Format Version 12.00
# Visual Studio 15
VisualStudioVersion = 15.0.28307.852
MinimumVisualStudioVersion = 10.0.40219.1
Project("{FAE04EC0-301F-11D3-BF4B-00C04F79EFBC}") = "BookingFlights.Functions", "BookingFlights.Functions\BookingFlights.Functions.csproj", "{7296DCB1-9F8F-42AC-A934-240CADD60A28}"
EndProject
Project("{FAE04EC0-301F-11D3-BF4B-00C04F79EFBC}") = "BookingHotels.Functions", "..\BookingHotels.Functions\BookingHotels.Functions.csproj", "{BA63AEB4-8E77-449B-82BC-8848059E5102}"
EndProject
Global
	GlobalSection(SolutionConfigurationPlatforms) = preSolution
		Debug|Any CPU = Debug|Any CPU
		Release|Any CPU = Release|Any CPU
	EndGlobalSection
	GlobalSection(ProjectConfigurationPlatforms) = postSolution
		{7296DCB1-9F8F-42AC-A934-240CADD60A28}.Debug|Any CPU.ActiveCfg = Debug|Any CPU
		{7296DCB1-9F8F-42AC-A934-240CADD60A28}.Debug|Any CPU.Build.0 = Debug|Any CPU
		{7296DCB1-9F8F-42AC-A934-240CADD60A28}.Release|Any CPU.ActiveCfg = Release|Any CPU
		{7296DCB1-9F8F-42AC-A934-240CADD60A28}.Release|Any CPU.Build.0 = Release|Any CPU
		{BA63AEB4-8E77-449B-82BC-8848059E5102}.Debug|Any CPU.ActiveCfg = Debug|Any CPU
		{BA63AEB4-8E77-449B-82BC-8848059E5102}.Debug|Any CPU.Build.0 = Debug|Any CPU
		{BA63AEB4-8E77-449B-82BC-8848059E5102}.Release|Any CPU.ActiveCfg = Release|Any CPU
		{BA63AEB4-8E77-449B-82BC-8848059E5102}.Release|Any CPU.Build.0 = Release|Any CPU
	EndGlobalSection
	GlobalSection(SolutionProperties) = preSolution
		HideSolutionNode = FALSE
	EndGlobalSection
	GlobalSection(ExtensibilityGlobals) = postSolution
		SolutionGuid = {74BD04B9-B447-4830-833D-5F7741A89EFB}
	EndGlobalSection
EndGlobal
